
Microsoft Visual Studio Solution File, Format Version 12.00
# Visual Studio 15
VisualStudioVersion = 15.0.28307.1062
MinimumVisualStudioVersion = 10.0.40219.1
Project("{FAE04EC0-301F-11D3-BF4B-00C04F79EFBC}") = "Line", "Line\Line.csproj", "{F1C54CCD-F8EA-4F10-AB01-E81803A18321}"
EndProject
Global
	GlobalSection(SolutionConfigurationPlatforms) = preSolution
		Debug|Any CPU = Debug|Any CPU
		Release|Any CPU = Release|Any CPU
	EndGlobalSection
	GlobalSection(ProjectConfigurationPlatforms) = postSolution
		{F1C54CCD-F8EA-4F10-AB01-E81803A18321}.Debug|Any CPU.ActiveCfg = Debug|Any CPU
		{F1C54CCD-F8EA-4F10-AB01-E81803A18321}.Debug|Any CPU.Build.0 = Debug|Any CPU
		{F1C54CCD-F8EA-4F10-AB01-E81803A18321}.Release|Any CPU.ActiveCfg = Release|Any CPU
		{F1C54CCD-F8EA-4F10-AB01-E81803A18321}.Release|Any CPU.Build.0 = Release|Any CPU
	EndGlobalSection
	GlobalSection(SolutionProperties) = preSolution
		HideSolutionNode = FALSE
	EndGlobalSection
	GlobalSection(ExtensibilityGlobals) = postSolution
		SolutionGuid = {4DA6A7D1-2213-469D-9258-76D73BF2030B}
	EndGlobalSection
EndGlobal
